
Microsoft Visual Studio Solution File, Format Version 12.00
# Visual Studio Version 17
VisualStudioVersion = 17.7.34031.279
MinimumVisualStudioVersion = 10.0.40219.1
Project("{C9674DCB-5085-4A16-B785-4C70DD1589BD}") = "PM11_CDC_And_Destinations", "PM11_CDC_And_Destinations\PM11_CDC_And_Destinations.dtproj", "{F686CCD6-7A90-4F2B-B3EA-A2F05011105B}"
EndProject
Global
	GlobalSection(SolutionConfigurationPlatforms) = preSolution
		Development|Default = Development|Default
	EndGlobalSection
	GlobalSection(ProjectConfigurationPlatforms) = postSolution
		{F686CCD6-7A90-4F2B-B3EA-A2F05011105B}.Development|Default.ActiveCfg = Development
		{F686CCD6-7A90-4F2B-B3EA-A2F05011105B}.Development|Default.Build.0 = Development
	EndGlobalSection
	GlobalSection(SolutionProperties) = preSolution
		HideSolutionNode = FALSE
	EndGlobalSection
	GlobalSection(ExtensibilityGlobals) = postSolution
		SolutionGuid = {C88C0FCE-334C-4E25-9CC3-786B9F6FBA60}
	EndGlobalSection
EndGlobal
